// !$*UTF8*$!
{
	archiveVersion = 1;
	classes = {
	};
	objectVersion = 46;
	objects = {

/* Begin PBXBuildFile section */
		47B4A4F5194BE830005C76B4 /* AppDelegate.swift in Sources */ = {isa = PBXBuildFile; fileRef = 47B4A4F4194BE830005C76B4 /* AppDelegate.swift */; };
		47B4A4F8194BE830005C76B4 /* SudokuGame.xcdatamodeld in Sources */ = {isa = PBXBuildFile; fileRef = 47B4A4F6194BE830005C76B4 /* SudokuGame.xcdatamodeld */; };
		47B4A4FA194BE830005C76B4 /* ViewController.swift in Sources */ = {isa = PBXBuildFile; fileRef = 47B4A4F9194BE830005C76B4 /* ViewController.swift */; };
		47B4A4FD194BE830005C76B4 /* Main.storyboard in Resources */ = {isa = PBXBuildFile; fileRef = 47B4A4FB194BE830005C76B4 /* Main.storyboard */; };
		47B4A4FF194BE830005C76B4 /* Images.xcassets in Resources */ = {isa = PBXBuildFile; fileRef = 47B4A4FE194BE830005C76B4 /* Images.xcassets */; };
		47B4A50B194BE830005C76B4 /* SudokuGameTests.swift in Sources */ = {isa = PBXBuildFile; fileRef = 47B4A50A194BE830005C76B4 /* SudokuGameTests.swift */; };
		47F3E334194D442100F15912 /* darkwoodenbackground.png in Resources */ = {isa = PBXBuildFile; fileRef = 47F3E32E194D442100F15912 /* darkwoodenbackground.png */; };
		47F3E335194D442100F15912 /* woodenBackground.png in Resources */ = {isa = PBXBuildFile; fileRef = 47F3E32F194D442100F15912 /* woodenBackground.png */; };
		47F3E336194D442100F15912 /* tilebackground.jpg in Resources */ = {isa = PBXBuildFile; fileRef = 47F3E330194D442100F15912 /* tilebackground.jpg */; };
		47F3E337194D442100F15912 /* wood-texture.jpg in Resources */ = {isa = PBXBuildFile; fileRef = 47F3E331194D442100F15912 /* wood-texture.jpg */; };
		47F3E338194D442100F15912 /* oldpapermenu.jpg in Resources */ = {isa = PBXBuildFile; fileRef = 47F3E332194D442100F15912 /* oldpapermenu.jpg */; };
		47F3E339194D442100F15912 /* oldpaper.jpeg in Resources */ = {isa = PBXBuildFile; fileRef = 47F3E333194D442100F15912 /* oldpaper.jpeg */; };
		47FC669D194EB3C60061644A /* NewGameViewController.swift in Sources */ = {isa = PBXBuildFile; fileRef = 47FC669C194EB3C60061644A /* NewGameViewController.swift */; };
		47FC669F194EB6DA0061644A /* GameScreenViewController.swift in Sources */ = {isa = PBXBuildFile; fileRef = 47FC669E194EB6DA0061644A /* GameScreenViewController.swift */; };
/* End PBXBuildFile section */

/* Begin PBXContainerItemProxy section */
		47B4A505194BE830005C76B4 /* PBXContainerItemProxy */ = {
			isa = PBXContainerItemProxy;
			containerPortal = 47B4A4E7194BE830005C76B4 /* Project object */;
			proxyType = 1;
			remoteGlobalIDString = 47B4A4EE194BE830005C76B4;
			remoteInfo = SudokuGame;
		};
/* End PBXContainerItemProxy section */

/* Begin PBXFileReference section */
		47B4A4EF194BE830005C76B4 /* SudokuGame.app */ = {isa = PBXFileReference; explicitFileType = wrapper.application; includeInIndex = 0; path = SudokuGame.app; sourceTree = BUILT_PRODUCTS_DIR; };
		47B4A4F3194BE830005C76B4 /* Info.plist */ = {isa = PBXFileReference; lastKnownFileType = text.plist.xml; path = Info.plist; sourceTree = "<group>"; };
		47B4A4F4194BE830005C76B4 /* AppDelegate.swift */ = {isa = PBXFileReference; lastKnownFileType = sourcecode.swift; path = AppDelegate.swift; sourceTree = "<group>"; };
		47B4A4F7194BE830005C76B4 /* SudokuGame.xcdatamodel */ = {isa = PBXFileReference; lastKnownFileType = wrapper.xcdatamodel; path = SudokuGame.xcdatamodel; sourceTree = "<group>"; };
		47B4A4F9194BE830005C76B4 /* ViewController.swift */ = {isa = PBXFileReference; lastKnownFileType = sourcecode.swift; path = ViewController.swift; sourceTree = "<group>"; };
		47B4A4FC194BE830005C76B4 /* Base */ = {isa = PBXFileReference; lastKnownFileType = file.storyboard; name = Base; path = Base.lproj/Main.storyboard; sourceTree = "<group>"; };
		47B4A4FE194BE830005C76B4 /* Images.xcassets */ = {isa = PBXFileReference; lastKnownFileType = folder.assetcatalog; path = Images.xcassets; sourceTree = "<group>"; };
		47B4A504194BE830005C76B4 /* SudokuGameTests.xctest */ = {isa = PBXFileReference; explicitFileType = wrapper.cfbundle; includeInIndex = 0; path = SudokuGameTests.xctest; sourceTree = BUILT_PRODUCTS_DIR; };
		47B4A509194BE830005C76B4 /* Info.plist */ = {isa = PBXFileReference; lastKnownFileType = text.plist.xml; path = Info.plist; sourceTree = "<group>"; };
		47B4A50A194BE830005C76B4 /* SudokuGameTests.swift */ = {isa = PBXFileReference; lastKnownFileType = sourcecode.swift; path = SudokuGameTests.swift; sourceTree = "<group>"; };
		47F3E32E194D442100F15912 /* darkwoodenbackground.png */ = {isa = PBXFileReference; lastKnownFileType = image.png; name = darkwoodenbackground.png; path = "../../Custom Pictures/darkwoodenbackground.png"; sourceTree = "<group>"; };
		47F3E32F194D442100F15912 /* woodenBackground.png */ = {isa = PBXFileReference; lastKnownFileType = image.png; name = woodenBackground.png; path = "../../Custom Pictures/woodenBackground.png"; sourceTree = "<group>"; };
		47F3E330194D442100F15912 /* tilebackground.jpg */ = {isa = PBXFileReference; lastKnownFileType = image.jpeg; name = tilebackground.jpg; path = "../../Custom Pictures/tilebackground.jpg"; sourceTree = "<group>"; };
		47F3E331194D442100F15912 /* wood-texture.jpg */ = {isa = PBXFileReference; lastKnownFileType = image.jpeg; name = "wood-texture.jpg"; path = "../../Custom Pictures/wood-texture.jpg"; sourceTree = "<group>"; };
		47F3E332194D442100F15912 /* oldpapermenu.jpg */ = {isa = PBXFileReference; lastKnownFileType = image.jpeg; name = oldpapermenu.jpg; path = "../../Custom Pictures/oldpapermenu.jpg"; sourceTree = "<group>"; };
		47F3E333194D442100F15912 /* oldpaper.jpeg */ = {isa = PBXFileReference; lastKnownFileType = image.jpeg; name = oldpaper.jpeg; path = "../../Custom Pictures/oldpaper.jpeg"; sourceTree = "<group>"; };
		47FC669C194EB3C60061644A /* NewGameViewController.swift */ = {isa = PBXFileReference; fileEncoding = 4; lastKnownFileType = sourcecode.swift; path = NewGameViewController.swift; sourceTree = "<group>"; };
		47FC669E194EB6DA0061644A /* GameScreenViewController.swift */ = {isa = PBXFileReference; fileEncoding = 4; lastKnownFileType = sourcecode.swift; path = GameScreenViewController.swift; sourceTree = "<group>"; };
/* End PBXFileReference section */

/* Begin PBXFrameworksBuildPhase section */
		47B4A4EC194BE830005C76B4 /* Frameworks */ = {
			isa = PBXFrameworksBuildPhase;
			buildActionMask = 2147483647;
			files = (
			);
			runOnlyForDeploymentPostprocessing = 0;
		};
		47B4A501194BE830005C76B4 /* Frameworks */ = {
			isa = PBXFrameworksBuildPhase;
			buildActionMask = 2147483647;
			files = (
			);
			runOnlyForDeploymentPostprocessing = 0;
		};
/* End PBXFrameworksBuildPhase section */

/* Begin PBXGroup section */
		47A0AE96194D59A300153035 /* Images */ = {
			isa = PBXGroup;
			children = (
				47F3E32E194D442100F15912 /* darkwoodenbackground.png */,
				47F3E32F194D442100F15912 /* woodenBackground.png */,
				47F3E330194D442100F15912 /* tilebackground.jpg */,
				47F3E331194D442100F15912 /* wood-texture.jpg */,
				47F3E332194D442100F15912 /* oldpapermenu.jpg */,
				47F3E333194D442100F15912 /* oldpaper.jpeg */,
			);
			name = Images;
			sourceTree = "<group>";
		};
		47B4A4E6194BE830005C76B4 = {
			isa = PBXGroup;
			children = (
				47B4A4F1194BE830005C76B4 /* SudokuGame */,
				47B4A507194BE830005C76B4 /* SudokuGameTests */,
				47B4A4F0194BE830005C76B4 /* Products */,
			);
			sourceTree = "<group>";
		};
		47B4A4F0194BE830005C76B4 /* Products */ = {
			isa = PBXGroup;
			children = (
				47B4A4EF194BE830005C76B4 /* SudokuGame.app */,
				47B4A504194BE830005C76B4 /* SudokuGameTests.xctest */,
			);
			name = Products;
			sourceTree = "<group>";
		};
		47B4A4F1194BE830005C76B4 /* SudokuGame */ = {
			isa = PBXGroup;
			children = (
				47B4A4F4194BE830005C76B4 /* AppDelegate.swift */,
				47B4A4F9194BE830005C76B4 /* ViewController.swift */,
				47B4A4FB194BE830005C76B4 /* Main.storyboard */,
				47B4A4FE194BE830005C76B4 /* Images.xcassets */,
				47B4A4F6194BE830005C76B4 /* SudokuGame.xcdatamodeld */,
				47B4A4F2194BE830005C76B4 /* Supporting Files */,
				47FC669C194EB3C60061644A /* NewGameViewController.swift */,
				47FC669E194EB6DA0061644A /* GameScreenViewController.swift */,
			);
			path = SudokuGame;
			sourceTree = "<group>";
		};
		47B4A4F2194BE830005C76B4 /* Supporting Files */ = {
			isa = PBXGroup;
			children = (
				47A0AE96194D59A300153035 /* Images */,
				47B4A4F3194BE830005C76B4 /* Info.plist */,
			);
			name = "Supporting Files";
			sourceTree = "<group>";
		};
		47B4A507194BE830005C76B4 /* SudokuGameTests */ = {
			isa = PBXGroup;
			children = (
				47B4A50A194BE830005C76B4 /* SudokuGameTests.swift */,
				47B4A508194BE830005C76B4 /* Supporting Files */,
			);
			path = SudokuGameTests;
			sourceTree = "<group>";
		};
		47B4A508194BE830005C76B4 /* Supporting Files */ = {
			isa = PBXGroup;
			children = (
				47B4A509194BE830005C76B4 /* Info.plist */,
			);
			name = "Supporting Files";
			sourceTree = "<group>";
		};
/* End PBXGroup section */

/* Begin PBXNativeTarget section */
		47B4A4EE194BE830005C76B4 /* SudokuGame */ = {
			isa = PBXNativeTarget;
			buildConfigurationList = 47B4A50E194BE830005C76B4 /* Build configuration list for PBXNativeTarget "SudokuGame" */;
			buildPhases = (
				47B4A4EB194BE830005C76B4 /* Sources */,
				47B4A4EC194BE830005C76B4 /* Frameworks */,
				47B4A4ED194BE830005C76B4 /* Resources */,
			);
			buildRules = (
			);
			dependencies = (
			);
			name = SudokuGame;
			productName = SudokuGame;
			productReference = 47B4A4EF194BE830005C76B4 /* SudokuGame.app */;
			productType = "com.apple.product-type.application";
		};
		47B4A503194BE830005C76B4 /* SudokuGameTests */ = {
			isa = PBXNativeTarget;
			buildConfigurationList = 47B4A511194BE830005C76B4 /* Build configuration list for PBXNativeTarget "SudokuGameTests" */;
			buildPhases = (
				47B4A500194BE830005C76B4 /* Sources */,
				47B4A501194BE830005C76B4 /* Frameworks */,
				47B4A502194BE830005C76B4 /* Resources */,
			);
			buildRules = (
			);
			dependencies = (
				47B4A506194BE830005C76B4 /* PBXTargetDependency */,
			);
			name = SudokuGameTests;
			productName = SudokuGameTests;
			productReference = 47B4A504194BE830005C76B4 /* SudokuGameTests.xctest */;
			productType = "com.apple.product-type.bundle.unit-test";
		};
/* End PBXNativeTarget section */

/* Begin PBXProject section */
		47B4A4E7194BE830005C76B4 /* Project object */ = {
			isa = PBXProject;
			attributes = {
				LastUpgradeCheck = 0600;
				ORGANIZATIONNAME = "Alfred Cepeda";
				TargetAttributes = {
					47B4A4EE194BE830005C76B4 = {
						CreatedOnToolsVersion = 6.0;
					};
					47B4A503194BE830005C76B4 = {
						CreatedOnToolsVersion = 6.0;
						TestTargetID = 47B4A4EE194BE830005C76B4;
					};
				};
			};
			buildConfigurationList = 47B4A4EA194BE830005C76B4 /* Build configuration list for PBXProject "SudokuGame" */;
			compatibilityVersion = "Xcode 3.2";
			developmentRegion = English;
			hasScannedForEncodings = 0;
			knownRegions = (
				en,
				Base,
			);
			mainGroup = 47B4A4E6194BE830005C76B4;
			productRefGroup = 47B4A4F0194BE830005C76B4 /* Products */;
			projectDirPath = "";
			projectRoot = "";
			targets = (
				47B4A4EE194BE830005C76B4 /* SudokuGame */,
				47B4A503194BE830005C76B4 /* SudokuGameTests */,
			);
		};
/* End PBXProject section */

/* Begin PBXResourcesBuildPhase section */
		47B4A4ED194BE830005C76B4 /* Resources */ = {
			isa = PBXResourcesBuildPhase;
			buildActionMask = 2147483647;
			files = (
				47F3E339194D442100F15912 /* oldpaper.jpeg in Resources */,
				47F3E336194D442100F15912 /* tilebackground.jpg in Resources */,
				47F3E338194D442100F15912 /* oldpapermenu.jpg in Resources */,
				47B4A4FD194BE830005C76B4 /* Main.storyboard in Resources */,
				47F3E334194D442100F15912 /* darkwoodenbackground.png in Resources */,
				47B4A4FF194BE830005C76B4 /* Images.xcassets in Resources */,
				47F3E337194D442100F15912 /* wood-texture.jpg in Resources */,
				47F3E335194D442100F15912 /* woodenBackground.png in Resources */,
			);
			runOnlyForDeploymentPostprocessing = 0;
		};
		47B4A502194BE830005C76B4 /* Resources */ = {
			isa = PBXResourcesBuildPhase;
			buildActionMask = 2147483647;
			files = (
			);
			runOnlyForDeploymentPostprocessing = 0;
		};
/* End PBXResourcesBuildPhase section */

/* Begin PBXSourcesBuildPhase section */
		47B4A4EB194BE830005C76B4 /* Sources */ = {
			isa = PBXSourcesBuildPhase;
			buildActionMask = 2147483647;
			files = (
				47FC669F194EB6DA0061644A /* GameScreenViewController.swift in Sources */,
				47B4A4FA194BE830005C76B4 /* ViewController.swift in Sources */,
				47FC669D194EB3C60061644A /* NewGameViewController.swift in Sources */,
				47B4A4F8194BE830005C76B4 /* SudokuGame.xcdatamodeld in Sources */,
				47B4A4F5194BE830005C76B4 /* AppDelegate.swift in Sources */,
			);
			runOnlyForDeploymentPostprocessing = 0;
		};
		47B4A500194BE830005C76B4 /* Sources */ = {
			isa = PBXSourcesBuildPhase;
			buildActionMask = 2147483647;
			files = (
				47B4A50B194BE830005C76B4 /* SudokuGameTests.swift in Sources */,
			);
			runOnlyForDeploymentPostprocessing = 0;
		};
/* End PBXSourcesBuildPhase section */

/* Begin PBXTargetDependency section */
		47B4A506194BE830005C76B4 /* PBXTargetDependency */ = {
			isa = PBXTargetDependency;
			target = 47B4A4EE194BE830005C76B4 /* SudokuGame */;
			targetProxy = 47B4A505194BE830005C76B4 /* PBXContainerItemProxy */;
		};
/* End PBXTargetDependency section */

/* Begin PBXVariantGroup section */
		47B4A4FB194BE830005C76B4 /* Main.storyboard */ = {
			isa = PBXVariantGroup;
			children = (
				47B4A4FC194BE830005C76B4 /* Base */,
			);
			name = Main.storyboard;
			sourceTree = "<group>";
		};
/* End PBXVariantGroup section */

/* Begin XCBuildConfiguration section */
		47B4A50C194BE830005C76B4 /* Debug */ = {
			isa = XCBuildConfiguration;
			buildSettings = {
				ALWAYS_SEARCH_USER_PATHS = NO;
				CLANG_CXX_LANGUAGE_STANDARD = "gnu++0x";
				CLANG_CXX_LIBRARY = "libc++";
				CLANG_ENABLE_MODULES = YES;
				CLANG_ENABLE_OBJC_ARC = YES;
				CLANG_WARN_BOOL_CONVERSION = YES;
				CLANG_WARN_CONSTANT_CONVERSION = YES;
				CLANG_WARN_DIRECT_OBJC_ISA_USAGE = YES_ERROR;
				CLANG_WARN_EMPTY_BODY = YES;
				CLANG_WARN_ENUM_CONVERSION = YES;
				CLANG_WARN_INT_CONVERSION = YES;
				CLANG_WARN_OBJC_ROOT_CLASS = YES_ERROR;
				CLANG_WARN_UNREACHABLE_CODE = YES;
				CLANG_WARN__DUPLICATE_METHOD_MATCH = YES;
				"CODE_SIGN_IDENTITY[sdk=iphoneos*]" = "iPhone Developer";
				COPY_PHASE_STRIP = NO;
				ENABLE_STRICT_OBJC_MSGSEND = YES;
				GCC_C_LANGUAGE_STANDARD = gnu99;
				GCC_DYNAMIC_NO_PIC = NO;
				GCC_OPTIMIZATION_LEVEL = 0;
				GCC_PREPROCESSOR_DEFINITIONS = (
					"DEBUG=1",
					"$(inherited)",
				);
				GCC_SYMBOLS_PRIVATE_EXTERN = NO;
				GCC_WARN_64_TO_32_BIT_CONVERSION = YES;
				GCC_WARN_ABOUT_RETURN_TYPE = YES_ERROR;
				GCC_WARN_UNDECLARED_SELECTOR = YES;
				GCC_WARN_UNINITIALIZED_AUTOS = YES_AGGRESSIVE;
				GCC_WARN_UNUSED_FUNCTION = YES;
				GCC_WARN_UNUSED_VARIABLE = YES;
				IPHONEOS_DEPLOYMENT_TARGET = 8.0;
				METAL_ENABLE_DEBUG_INFO = YES;
				ONLY_ACTIVE_ARCH = YES;
				SDKROOT = iphoneos;
				SWIFT_OPTIMIZATION_LEVEL = "-Onone";
				TARGETED_DEVICE_FAMILY = "1,2";
			};
			name = Debug;
		};
		47B4A50D194BE830005C76B4 /* Release */ = {
			isa = XCBuildConfiguration;
			buildSettings = {
				ALWAYS_SEARCH_USER_PATHS = NO;
				CLANG_CXX_LANGUAGE_STANDARD = "gnu++0x";
				CLANG_CXX_LIBRARY = "libc++";
				CLANG_ENABLE_MODULES = YES;
				CLANG_ENABLE_OBJC_ARC = YES;
				CLANG_WARN_BOOL_CONVERSION = YES;
				CLANG_WARN_CONSTANT_CONVERSION = YES;
				CLANG_WARN_DIRECT_OBJC_ISA_USAGE = YES_ERROR;
				CLANG_WARN_EMPTY_BODY = YES;
				CLANG_WARN_ENUM_CONVERSION = YES;
				CLANG_WARN_INT_CONVERSION = YES;
				CLANG_WARN_OBJC_ROOT_CLASS = YES_ERROR;
				CLANG_WARN_UNREACHABLE_CODE = YES;
				CLANG_WARN__DUPLICATE_METHOD_MATCH = YES;
				"CODE_SIGN_IDENTITY[sdk=iphoneos*]" = "iPhone Developer";
				COPY_PHASE_STRIP = YES;
				ENABLE_NS_ASSERTIONS = NO;
				ENABLE_STRICT_OBJC_MSGSEND = YES;
				GCC_C_LANGUAGE_STANDARD = gnu99;
				GCC_WARN_64_TO_32_BIT_CONVERSION = YES;
				GCC_WARN_ABOUT_RETURN_TYPE = YES_ERROR;
				GCC_WARN_UNDECLARED_SELECTOR = YES;
				GCC_WARN_UNINITIALIZED_AUTOS = YES_AGGRESSIVE;
				GCC_WARN_UNUSED_FUNCTION = YES;
				GCC_WARN_UNUSED_VARIABLE = YES;
				IPHONEOS_DEPLOYMENT_TARGET = 8.0;
				METAL_ENABLE_DEBUG_INFO = NO;
				SDKROOT = iphoneos;
				TARGETED_DEVICE_FAMILY = "1,2";
				VALIDATE_PRODUCT = YES;
			};
			name = Release;
		};
		47B4A50F194BE830005C76B4 /* Debug */ = {
			isa = XCBuildConfiguration;
			buildSettings = {
				ASSETCATALOG_COMPILER_APPICON_NAME = AppIcon;
				ASSETCATALOG_COMPILER_LAUNCHIMAGE_NAME = LaunchImage;
				INFOPLIST_FILE = SudokuGame/Info.plist;
				LD_RUNPATH_SEARCH_PATHS = "$(inherited) @executable_path/Frameworks";
				PRODUCT_NAME = "$(TARGET_NAME)";
			};
			name = Debug;
		};
		47B4A510194BE830005C76B4 /* Release */ = {
			isa = XCBuildConfiguration;
			buildSettings = {
				ASSETCATALOG_COMPILER_APPICON_NAME = AppIcon;
				ASSETCATALOG_COMPILER_LAUNCHIMAGE_NAME = LaunchImage;
				INFOPLIST_FILE = SudokuGame/Info.plist;
				LD_RUNPATH_SEARCH_PATHS = "$(inherited) @executable_path/Frameworks";
				PRODUCT_NAME = "$(TARGET_NAME)";
			};
			name = Release;
		};
		47B4A512194BE830005C76B4 /* Debug */ = {
			isa = XCBuildConfiguration;
			buildSettings = {
				BUNDLE_LOADER = "$(BUILT_PRODUCTS_DIR)/SudokuGame.app/SudokuGame";
				FRAMEWORK_SEARCH_PATHS = (
					"$(SDKROOT)/Developer/Library/Frameworks",
					"$(inherited)",
				);
				GCC_PREPROCESSOR_DEFINITIONS = (
					"DEBUG=1",
					"$(inherited)",
				);
				INFOPLIST_FILE = SudokuGameTests/Info.plist;
				LD_RUNPATH_SEARCH_PATHS = "$(inherited) @executable_path/Frameworks @loader_path/Frameworks";
				METAL_ENABLE_DEBUG_INFO = YES;
				PRODUCT_NAME = "$(TARGET_NAME)";
				TEST_HOST = "$(BUNDLE_LOADER)";
			};
			name = Debug;
		};
		47B4A513194BE830005C76B4 /* Release */ = {
			isa = XCBuildConfiguration;
			buildSettings = {
				BUNDLE_LOADER = "$(BUILT_PRODUCTS_DIR)/SudokuGame.app/SudokuGame";
				FRAMEWORK_SEARCH_PATHS = (
					"$(SDKROOT)/Developer/Library/Frameworks",
					"$(inherited)",
				);
				INFOPLIST_FILE = SudokuGameTests/Info.plist;
				LD_RUNPATH_SEARCH_PATHS = "$(inherited) @executable_path/Frameworks @loader_path/Frameworks";
				METAL_ENABLE_DEBUG_INFO = NO;
				PRODUCT_NAME = "$(TARGET_NAME)";
				TEST_HOST = "$(BUNDLE_LOADER)";
			};
			name = Release;
		};
/* End XCBuildConfiguration section */

/* Begin XCConfigurationList section */
		47B4A4EA194BE830005C76B4 /* Build configuration list for PBXProject "SudokuGame" */ = {
			isa = XCConfigurationList;
			buildConfigurations = (
				47B4A50C194BE830005C76B4 /* Debug */,
				47B4A50D194BE830005C76B4 /* Release */,
			);
			defaultConfigurationIsVisible = 0;
			defaultConfigurationName = Release;
		};
		47B4A50E194BE830005C76B4 /* Build configuration list for PBXNativeTarget "SudokuGame" */ = {
			isa = XCConfigurationList;
			buildConfigurations = (
				47B4A50F194BE830005C76B4 /* Debug */,
				47B4A510194BE830005C76B4 /* Release */,
			);
			defaultConfigurationIsVisible = 0;
			defaultConfigurationName = Release;
		};
		47B4A511194BE830005C76B4 /* Build configuration list for PBXNativeTarget "SudokuGameTests" */ = {
			isa = XCConfigurationList;
			buildConfigurations = (
				47B4A512194BE830005C76B4 /* Debug */,
				47B4A513194BE830005C76B4 /* Release */,
			);
			defaultConfigurationIsVisible = 0;
			defaultConfigurationName = Release;
		};
/* End XCConfigurationList section */

/* Begin XCVersionGroup section */
		47B4A4F6194BE830005C76B4 /* SudokuGame.xcdatamodeld */ = {
			isa = XCVersionGroup;
			children = (
				47B4A4F7194BE830005C76B4 /* SudokuGame.xcdatamodel */,
			);
			currentVersion = 47B4A4F7194BE830005C76B4 /* SudokuGame.xcdatamodel */;
			path = SudokuGame.xcdatamodeld;
			sourceTree = "<group>";
			versionGroupType = wrapper.xcdatamodel;
		};
/* End XCVersionGroup section */
	};
	rootObject = 47B4A4E7194BE830005C76B4 /* Project object */;
}
